// !$*UTF8*$!
{
	archiveVersion = 1;
	classes = {
	};
	objectVersion = 56;
	objects = {

/* Begin PBXBuildFile section */
		044AF5B929517367007FCB6B /* TodoListApp.swift in Sources */ = {isa = PBXBuildFile; fileRef = 044AF5B829517367007FCB6B /* TodoListApp.swift */; };
		044AF5BD29517369007FCB6B /* Assets.xcassets in Resources */ = {isa = PBXBuildFile; fileRef = 044AF5BC29517369007FCB6B /* Assets.xcassets */; };
		044AF5C029517369007FCB6B /* Preview Assets.xcassets in Resources */ = {isa = PBXBuildFile; fileRef = 044AF5BF29517369007FCB6B /* Preview Assets.xcassets */; };
		044AF5CA29517369007FCB6B /* TodoListTests.swift in Sources */ = {isa = PBXBuildFile; fileRef = 044AF5C929517369007FCB6B /* TodoListTests.swift */; };
		044AF5D429517369007FCB6B /* TodoListUITests.swift in Sources */ = {isa = PBXBuildFile; fileRef = 044AF5D329517369007FCB6B /* TodoListUITests.swift */; };
		044AF5D629517369007FCB6B /* TodoListUITestsLaunchTests.swift in Sources */ = {isa = PBXBuildFile; fileRef = 044AF5D529517369007FCB6B /* TodoListUITestsLaunchTests.swift */; };
		044AF5E42951738F007FCB6B /* ListView.swift in Sources */ = {isa = PBXBuildFile; fileRef = 044AF5E32951738F007FCB6B /* ListView.swift */; };
		044AF5E6295173E1007FCB6B /* ListRowView.swift in Sources */ = {isa = PBXBuildFile; fileRef = 044AF5E5295173E1007FCB6B /* ListRowView.swift */; };
		044AF5E829517810007FCB6B /* AddView.swift in Sources */ = {isa = PBXBuildFile; fileRef = 044AF5E729517810007FCB6B /* AddView.swift */; };
		044AF5EB295457D4007FCB6B /* ItemModel.swift in Sources */ = {isa = PBXBuildFile; fileRef = 044AF5EA295457D4007FCB6B /* ItemModel.swift */; };
		044AF5EE29545F5D007FCB6B /* ListViewModel.swift in Sources */ = {isa = PBXBuildFile; fileRef = 044AF5ED29545F5D007FCB6B /* ListViewModel.swift */; };
		044AF5F029556E06007FCB6B /* ListViewModelProtocols.swift in Sources */ = {isa = PBXBuildFile; fileRef = 044AF5EF29556E06007FCB6B /* ListViewModelProtocols.swift */; };
		044AF5F229583A3B007FCB6B /* NoItemsView.swift in Sources */ = {isa = PBXBuildFile; fileRef = 044AF5F129583A3B007FCB6B /* NoItemsView.swift */; };
/* End PBXBuildFile section */

/* Begin PBXContainerItemProxy section */
		044AF5C629517369007FCB6B /* PBXContainerItemProxy */ = {
			isa = PBXContainerItemProxy;
			containerPortal = 044AF5AD29517367007FCB6B /* Project object */;
			proxyType = 1;
			remoteGlobalIDString = 044AF5B429517367007FCB6B;
			remoteInfo = TodoList;
		};
		044AF5D029517369007FCB6B /* PBXContainerItemProxy */ = {
			isa = PBXContainerItemProxy;
			containerPortal = 044AF5AD29517367007FCB6B /* Project object */;
			proxyType = 1;
			remoteGlobalIDString = 044AF5B429517367007FCB6B;
			remoteInfo = TodoList;
		};
/* End PBXContainerItemProxy section */

/* Begin PBXFileReference section */
		044AF5B529517367007FCB6B /* TodoList.app */ = {isa = PBXFileReference; explicitFileType = wrapper.application; includeInIndex = 0; path = TodoList.app; sourceTree = BUILT_PRODUCTS_DIR; };
		044AF5B829517367007FCB6B /* TodoListApp.swift */ = {isa = PBXFileReference; lastKnownFileType = sourcecode.swift; path = TodoListApp.swift; sourceTree = "<group>"; };
		044AF5BC29517369007FCB6B /* Assets.xcassets */ = {isa = PBXFileReference; lastKnownFileType = folder.assetcatalog; path = Assets.xcassets; sourceTree = "<group>"; };
		044AF5BF29517369007FCB6B /* Preview Assets.xcassets */ = {isa = PBXFileReference; lastKnownFileType = folder.assetcatalog; path = "Preview Assets.xcassets"; sourceTree = "<group>"; };
		044AF5C529517369007FCB6B /* TodoListTests.xctest */ = {isa = PBXFileReference; explicitFileType = wrapper.cfbundle; includeInIndex = 0; path = TodoListTests.xctest; sourceTree = BUILT_PRODUCTS_DIR; };
		044AF5C929517369007FCB6B /* TodoListTests.swift */ = {isa = PBXFileReference; lastKnownFileType = sourcecode.swift; path = TodoListTests.swift; sourceTree = "<group>"; };
		044AF5CF29517369007FCB6B /* TodoListUITests.xctest */ = {isa = PBXFileReference; explicitFileType = wrapper.cfbundle; includeInIndex = 0; path = TodoListUITests.xctest; sourceTree = BUILT_PRODUCTS_DIR; };
		044AF5D329517369007FCB6B /* TodoListUITests.swift */ = {isa = PBXFileReference; lastKnownFileType = sourcecode.swift; path = TodoListUITests.swift; sourceTree = "<group>"; };
		044AF5D529517369007FCB6B /* TodoListUITestsLaunchTests.swift */ = {isa = PBXFileReference; lastKnownFileType = sourcecode.swift; path = TodoListUITestsLaunchTests.swift; sourceTree = "<group>"; };
		044AF5E32951738F007FCB6B /* ListView.swift */ = {isa = PBXFileReference; lastKnownFileType = sourcecode.swift; path = ListView.swift; sourceTree = "<group>"; };
		044AF5E5295173E1007FCB6B /* ListRowView.swift */ = {isa = PBXFileReference; lastKnownFileType = sourcecode.swift; path = ListRowView.swift; sourceTree = "<group>"; };
		044AF5E729517810007FCB6B /* AddView.swift */ = {isa = PBXFileReference; lastKnownFileType = sourcecode.swift; path = AddView.swift; sourceTree = "<group>"; };
		044AF5EA295457D4007FCB6B /* ItemModel.swift */ = {isa = PBXFileReference; lastKnownFileType = sourcecode.swift; path = ItemModel.swift; sourceTree = "<group>"; };
		044AF5ED29545F5D007FCB6B /* ListViewModel.swift */ = {isa = PBXFileReference; lastKnownFileType = sourcecode.swift; path = ListViewModel.swift; sourceTree = "<group>"; };
		044AF5EF29556E06007FCB6B /* ListViewModelProtocols.swift */ = {isa = PBXFileReference; lastKnownFileType = sourcecode.swift; path = ListViewModelProtocols.swift; sourceTree = "<group>"; };
		044AF5F129583A3B007FCB6B /* NoItemsView.swift */ = {isa = PBXFileReference; lastKnownFileType = sourcecode.swift; path = NoItemsView.swift; sourceTree = "<group>"; };
/* End PBXFileReference section */

/* Begin PBXFrameworksBuildPhase section */
		044AF5B229517367007FCB6B /* Frameworks */ = {
			isa = PBXFrameworksBuildPhase;
			buildActionMask = 2147483647;
			files = (
			);
			runOnlyForDeploymentPostprocessing = 0;
		};
		044AF5C229517369007FCB6B /* Frameworks */ = {
			isa = PBXFrameworksBuildPhase;
			buildActionMask = 2147483647;
			files = (
			);
			runOnlyForDeploymentPostprocessing = 0;
		};
		044AF5CC29517369007FCB6B /* Frameworks */ = {
			isa = PBXFrameworksBuildPhase;
			buildActionMask = 2147483647;
			files = (
			);
			runOnlyForDeploymentPostprocessing = 0;
		};
/* End PBXFrameworksBuildPhase section */

/* Begin PBXGroup section */
		044AF5AC29517367007FCB6B = {
			isa = PBXGroup;
			children = (
				044AF5B729517367007FCB6B /* TodoList */,
				044AF5C829517369007FCB6B /* TodoListTests */,
				044AF5D229517369007FCB6B /* TodoListUITests */,
				044AF5B629517367007FCB6B /* Products */,
			);
			sourceTree = "<group>";
		};
		044AF5B629517367007FCB6B /* Products */ = {
			isa = PBXGroup;
			children = (
				044AF5B529517367007FCB6B /* TodoList.app */,
				044AF5C529517369007FCB6B /* TodoListTests.xctest */,
				044AF5CF29517369007FCB6B /* TodoListUITests.xctest */,
			);
			name = Products;
			sourceTree = "<group>";
		};
		044AF5B729517367007FCB6B /* TodoList */ = {
			isa = PBXGroup;
			children = (
				044AF5E9295457B9007FCB6B /* Models */,
				044AF5EC29545CF3007FCB6B /* ViewModels */,
				044AF5E22951737B007FCB6B /* Views */,
				044AF5B829517367007FCB6B /* TodoListApp.swift */,
				044AF5BC29517369007FCB6B /* Assets.xcassets */,
				044AF5BE29517369007FCB6B /* Preview Content */,
			);
			path = TodoList;
			sourceTree = "<group>";
		};
		044AF5BE29517369007FCB6B /* Preview Content */ = {
			isa = PBXGroup;
			children = (
				044AF5BF29517369007FCB6B /* Preview Assets.xcassets */,
			);
			path = "Preview Content";
			sourceTree = "<group>";
		};
		044AF5C829517369007FCB6B /* TodoListTests */ = {
			isa = PBXGroup;
			children = (
				044AF5C929517369007FCB6B /* TodoListTests.swift */,
			);
			path = TodoListTests;
			sourceTree = "<group>";
		};
		044AF5D229517369007FCB6B /* TodoListUITests */ = {
			isa = PBXGroup;
			children = (
				044AF5D329517369007FCB6B /* TodoListUITests.swift */,
				044AF5D529517369007FCB6B /* TodoListUITestsLaunchTests.swift */,
			);
			path = TodoListUITests;
			sourceTree = "<group>";
		};
		044AF5E22951737B007FCB6B /* Views */ = {
			isa = PBXGroup;
			children = (
				044AF5E32951738F007FCB6B /* ListView.swift */,
				044AF5E5295173E1007FCB6B /* ListRowView.swift */,
				044AF5E729517810007FCB6B /* AddView.swift */,
				044AF5F129583A3B007FCB6B /* NoItemsView.swift */,
			);
			path = Views;
			sourceTree = "<group>";
		};
		044AF5E9295457B9007FCB6B /* Models */ = {
			isa = PBXGroup;
			children = (
				044AF5EA295457D4007FCB6B /* ItemModel.swift */,
			);
			path = Models;
			sourceTree = "<group>";
		};
		044AF5EC29545CF3007FCB6B /* ViewModels */ = {
			isa = PBXGroup;
			children = (
				044AF5ED29545F5D007FCB6B /* ListViewModel.swift */,
				044AF5EF29556E06007FCB6B /* ListViewModelProtocols.swift */,
			);
			path = ViewModels;
			sourceTree = "<group>";
		};
/* End PBXGroup section */

/* Begin PBXNativeTarget section */
		044AF5B429517367007FCB6B /* TodoList */ = {
			isa = PBXNativeTarget;
			buildConfigurationList = 044AF5D929517369007FCB6B /* Build configuration list for PBXNativeTarget "TodoList" */;
			buildPhases = (
				044AF5B129517367007FCB6B /* Sources */,
				044AF5B229517367007FCB6B /* Frameworks */,
				044AF5B329517367007FCB6B /* Resources */,
			);
			buildRules = (
			);
			dependencies = (
			);
			name = TodoList;
			productName = TodoList;
			productReference = 044AF5B529517367007FCB6B /* TodoList.app */;
			productType = "com.apple.product-type.application";
		};
		044AF5C429517369007FCB6B /* TodoListTests */ = {
			isa = PBXNativeTarget;
			buildConfigurationList = 044AF5DC29517369007FCB6B /* Build configuration list for PBXNativeTarget "TodoListTests" */;
			buildPhases = (
				044AF5C129517369007FCB6B /* Sources */,
				044AF5C229517369007FCB6B /* Frameworks */,
				044AF5C329517369007FCB6B /* Resources */,
			);
			buildRules = (
			);
			dependencies = (
				044AF5C729517369007FCB6B /* PBXTargetDependency */,
			);
			name = TodoListTests;
			productName = TodoListTests;
			productReference = 044AF5C529517369007FCB6B /* TodoListTests.xctest */;
			productType = "com.apple.product-type.bundle.unit-test";
		};
		044AF5CE29517369007FCB6B /* TodoListUITests */ = {
			isa = PBXNativeTarget;
			buildConfigurationList = 044AF5DF29517369007FCB6B /* Build configuration list for PBXNativeTarget "TodoListUITests" */;
			buildPhases = (
				044AF5CB29517369007FCB6B /* Sources */,
				044AF5CC29517369007FCB6B /* Frameworks */,
				044AF5CD29517369007FCB6B /* Resources */,
			);
			buildRules = (
			);
			dependencies = (
				044AF5D129517369007FCB6B /* PBXTargetDependency */,
			);
			name = TodoListUITests;
			productName = TodoListUITests;
			productReference = 044AF5CF29517369007FCB6B /* TodoListUITests.xctest */;
			productType = "com.apple.product-type.bundle.ui-testing";
		};
/* End PBXNativeTarget section */

/* Begin PBXProject section */
		044AF5AD29517367007FCB6B /* Project object */ = {
			isa = PBXProject;
			attributes = {
				BuildIndependentTargetsInParallel = 1;
				LastSwiftUpdateCheck = 1410;
				LastUpgradeCheck = 1410;
				TargetAttributes = {
					044AF5B429517367007FCB6B = {
						CreatedOnToolsVersion = 14.1;
					};
					044AF5C429517369007FCB6B = {
						CreatedOnToolsVersion = 14.1;
						TestTargetID = 044AF5B429517367007FCB6B;
					};
					044AF5CE29517369007FCB6B = {
						CreatedOnToolsVersion = 14.1;
						TestTargetID = 044AF5B429517367007FCB6B;
					};
				};
			};
			buildConfigurationList = 044AF5B029517367007FCB6B /* Build configuration list for PBXProject "TodoList" */;
			compatibilityVersion = "Xcode 14.0";
			developmentRegion = en;
			hasScannedForEncodings = 0;
			knownRegions = (
				en,
				Base,
			);
			mainGroup = 044AF5AC29517367007FCB6B;
			productRefGroup = 044AF5B629517367007FCB6B /* Products */;
			projectDirPath = "";
			projectRoot = "";
			targets = (
				044AF5B429517367007FCB6B /* TodoList */,
				044AF5C429517369007FCB6B /* TodoListTests */,
				044AF5CE29517369007FCB6B /* TodoListUITests */,
			);
		};
/* End PBXProject section */

/* Begin PBXResourcesBuildPhase section */
		044AF5B329517367007FCB6B /* Resources */ = {
			isa = PBXResourcesBuildPhase;
			buildActionMask = 2147483647;
			files = (
				044AF5C029517369007FCB6B /* Preview Assets.xcassets in Resources */,
				044AF5BD29517369007FCB6B /* Assets.xcassets in Resources */,
			);
			runOnlyForDeploymentPostprocessing = 0;
		};
		044AF5C329517369007FCB6B /* Resources */ = {
			isa = PBXResourcesBuildPhase;
			buildActionMask = 2147483647;
			files = (
			);
			runOnlyForDeploymentPostprocessing = 0;
		};
		044AF5CD29517369007FCB6B /* Resources */ = {
			isa = PBXResourcesBuildPhase;
			buildActionMask = 2147483647;
			files = (
			);
			runOnlyForDeploymentPostprocessing = 0;
		};
/* End PBXResourcesBuildPhase section */

/* Begin PBXSourcesBuildPhase section */
		044AF5B129517367007FCB6B /* Sources */ = {
			isa = PBXSourcesBuildPhase;
			buildActionMask = 2147483647;
			files = (
				044AF5EB295457D4007FCB6B /* ItemModel.swift in Sources */,
				044AF5E829517810007FCB6B /* AddView.swift in Sources */,
				044AF5EE29545F5D007FCB6B /* ListViewModel.swift in Sources */,
				044AF5B929517367007FCB6B /* TodoListApp.swift in Sources */,
				044AF5F029556E06007FCB6B /* ListViewModelProtocols.swift in Sources */,
				044AF5E42951738F007FCB6B /* ListView.swift in Sources */,
				044AF5F229583A3B007FCB6B /* NoItemsView.swift in Sources */,
				044AF5E6295173E1007FCB6B /* ListRowView.swift in Sources */,
			);
			runOnlyForDeploymentPostprocessing = 0;
		};
		044AF5C129517369007FCB6B /* Sources */ = {
			isa = PBXSourcesBuildPhase;
			buildActionMask = 2147483647;
			files = (
				044AF5CA29517369007FCB6B /* TodoListTests.swift in Sources */,
			);
			runOnlyForDeploymentPostprocessing = 0;
		};
		044AF5CB29517369007FCB6B /* Sources */ = {
			isa = PBXSourcesBuildPhase;
			buildActionMask = 2147483647;
			files = (
				044AF5D629517369007FCB6B /* TodoListUITestsLaunchTests.swift in Sources */,
				044AF5D429517369007FCB6B /* TodoListUITests.swift in Sources */,
			);
			runOnlyForDeploymentPostprocessing = 0;
		};
/* End PBXSourcesBuildPhase section */

/* Begin PBXTargetDependency section */
		044AF5C729517369007FCB6B /* PBXTargetDependency */ = {
			isa = PBXTargetDependency;
			target = 044AF5B429517367007FCB6B /* TodoList */;
			targetProxy = 044AF5C629517369007FCB6B /* PBXContainerItemProxy */;
		};
		044AF5D129517369007FCB6B /* PBXTargetDependency */ = {
			isa = PBXTargetDependency;
			target = 044AF5B429517367007FCB6B /* TodoList */;
			targetProxy = 044AF5D029517369007FCB6B /* PBXContainerItemProxy */;
		};
/* End PBXTargetDependency section */

/* Begin XCBuildConfiguration section */
		044AF5D729517369007FCB6B /* Debug */ = {
			isa = XCBuildConfiguration;
			buildSettings = {
				ALWAYS_SEARCH_USER_PATHS = NO;
				CLANG_ANALYZER_NONNULL = YES;
				CLANG_ANALYZER_NUMBER_OBJECT_CONVERSION = YES_AGGRESSIVE;
				CLANG_CXX_LANGUAGE_STANDARD = "gnu++20";
				CLANG_ENABLE_MODULES = YES;
				CLANG_ENABLE_OBJC_ARC = YES;
				CLANG_ENABLE_OBJC_WEAK = YES;
				CLANG_WARN_BLOCK_CAPTURE_AUTORELEASING = YES;
				CLANG_WARN_BOOL_CONVERSION = YES;
				CLANG_WARN_COMMA = YES;
				CLANG_WARN_CONSTANT_CONVERSION = YES;
				CLANG_WARN_DEPRECATED_OBJC_IMPLEMENTATIONS = YES;
				CLANG_WARN_DIRECT_OBJC_ISA_USAGE = YES_ERROR;
				CLANG_WARN_DOCUMENTATION_COMMENTS = YES;
				CLANG_WARN_EMPTY_BODY = YES;
				CLANG_WARN_ENUM_CONVERSION = YES;
				CLANG_WARN_INFINITE_RECURSION = YES;
				CLANG_WARN_INT_CONVERSION = YES;
				CLANG_WARN_NON_LITERAL_NULL_CONVERSION = YES;
				CLANG_WARN_OBJC_IMPLICIT_RETAIN_SELF = YES;
				CLANG_WARN_OBJC_LITERAL_CONVERSION = YES;
				CLANG_WARN_OBJC_ROOT_CLASS = YES_ERROR;
				CLANG_WARN_QUOTED_INCLUDE_IN_FRAMEWORK_HEADER = YES;
				CLANG_WARN_RANGE_LOOP_ANALYSIS = YES;
				CLANG_WARN_STRICT_PROTOTYPES = YES;
				CLANG_WARN_SUSPICIOUS_MOVE = YES;
				CLANG_WARN_UNGUARDED_AVAILABILITY = YES_AGGRESSIVE;
				CLANG_WARN_UNREACHABLE_CODE = YES;
				CLANG_WARN__DUPLICATE_METHOD_MATCH = YES;
				COPY_PHASE_STRIP = NO;
				DEBUG_INFORMATION_FORMAT = dwarf;
				ENABLE_STRICT_OBJC_MSGSEND = YES;
				ENABLE_TESTABILITY = YES;
				GCC_C_LANGUAGE_STANDARD = gnu11;
				GCC_DYNAMIC_NO_PIC = NO;
				GCC_NO_COMMON_BLOCKS = YES;
				GCC_OPTIMIZATION_LEVEL = 0;
				GCC_PREPROCESSOR_DEFINITIONS = (
					"DEBUG=1",
					"$(inherited)",
				);
				GCC_WARN_64_TO_32_BIT_CONVERSION = YES;
				GCC_WARN_ABOUT_RETURN_TYPE = YES_ERROR;
				GCC_WARN_UNDECLARED_SELECTOR = YES;
				GCC_WARN_UNINITIALIZED_AUTOS = YES_AGGRESSIVE;
				GCC_WARN_UNUSED_FUNCTION = YES;
				GCC_WARN_UNUSED_VARIABLE = YES;
				IPHONEOS_DEPLOYMENT_TARGET = 16.1;
				MTL_ENABLE_DEBUG_INFO = INCLUDE_SOURCE;
				MTL_FAST_MATH = YES;
				ONLY_ACTIVE_ARCH = YES;
				SDKROOT = iphoneos;
				SWIFT_ACTIVE_COMPILATION_CONDITIONS = DEBUG;
				SWIFT_OPTIMIZATION_LEVEL = "-Onone";
			};
			name = Debug;
		};
		044AF5D829517369007FCB6B /* Release */ = {
			isa = XCBuildConfiguration;
			buildSettings = {
				ALWAYS_SEARCH_USER_PATHS = NO;
				CLANG_ANALYZER_NONNULL = YES;
				CLANG_ANALYZER_NUMBER_OBJECT_CONVERSION = YES_AGGRESSIVE;
				CLANG_CXX_LANGUAGE_STANDARD = "gnu++20";
				CLANG_ENABLE_MODULES = YES;
				CLANG_ENABLE_OBJC_ARC = YES;
				CLANG_ENABLE_OBJC_WEAK = YES;
				CLANG_WARN_BLOCK_CAPTURE_AUTORELEASING = YES;
				CLANG_WARN_BOOL_CONVERSION = YES;
				CLANG_WARN_COMMA = YES;
				CLANG_WARN_CONSTANT_CONVERSION = YES;
				CLANG_WARN_DEPRECATED_OBJC_IMPLEMENTATIONS = YES;
				CLANG_WARN_DIRECT_OBJC_ISA_USAGE = YES_ERROR;
				CLANG_WARN_DOCUMENTATION_COMMENTS = YES;
				CLANG_WARN_EMPTY_BODY = YES;
				CLANG_WARN_ENUM_CONVERSION = YES;
				CLANG_WARN_INFINITE_RECURSION = YES;
				CLANG_WARN_INT_CONVERSION = YES;
				CLANG_WARN_NON_LITERAL_NULL_CONVERSION = YES;
				CLANG_WARN_OBJC_IMPLICIT_RETAIN_SELF = YES;
				CLANG_WARN_OBJC_LITERAL_CONVERSION = YES;
				CLANG_WARN_OBJC_ROOT_CLASS = YES_ERROR;
				CLANG_WARN_QUOTED_INCLUDE_IN_FRAMEWORK_HEADER = YES;
				CLANG_WARN_RANGE_LOOP_ANALYSIS = YES;
				CLANG_WARN_STRICT_PROTOTYPES = YES;
				CLANG_WARN_SUSPICIOUS_MOVE = YES;
				CLANG_WARN_UNGUARDED_AVAILABILITY = YES_AGGRESSIVE;
				CLANG_WARN_UNREACHABLE_CODE = YES;
				CLANG_WARN__DUPLICATE_METHOD_MATCH = YES;
				COPY_PHASE_STRIP = NO;
				DEBUG_INFORMATION_FORMAT = "dwarf-with-dsym";
				ENABLE_NS_ASSERTIONS = NO;
				ENABLE_STRICT_OBJC_MSGSEND = YES;
				GCC_C_LANGUAGE_STANDARD = gnu11;
				GCC_NO_COMMON_BLOCKS = YES;
				GCC_WARN_64_TO_32_BIT_CONVERSION = YES;
				GCC_WARN_ABOUT_RETURN_TYPE = YES_ERROR;
				GCC_WARN_UNDECLARED_SELECTOR = YES;
				GCC_WARN_UNINITIALIZED_AUTOS = YES_AGGRESSIVE;
				GCC_WARN_UNUSED_FUNCTION = YES;
				GCC_WARN_UNUSED_VARIABLE = YES;
				IPHONEOS_DEPLOYMENT_TARGET = 16.1;
				MTL_ENABLE_DEBUG_INFO = NO;
				MTL_FAST_MATH = YES;
				SDKROOT = iphoneos;
				SWIFT_COMPILATION_MODE = wholemodule;
				SWIFT_OPTIMIZATION_LEVEL = "-O";
				VALIDATE_PRODUCT = YES;
			};
			name = Release;
		};
		044AF5DA29517369007FCB6B /* Debug */ = {
			isa = XCBuildConfiguration;
			buildSettings = {
				ASSETCATALOG_COMPILER_APPICON_NAME = AppIcon;
				ASSETCATALOG_COMPILER_GLOBAL_ACCENT_COLOR_NAME = AccentColor;
				CODE_SIGN_STYLE = Automatic;
				CURRENT_PROJECT_VERSION = 1;
				DEVELOPMENT_ASSET_PATHS = "\"TodoList/Preview Content\"";
				DEVELOPMENT_TEAM = Z2K7G5MR42;
				ENABLE_PREVIEWS = YES;
				GENERATE_INFOPLIST_FILE = YES;
				INFOPLIST_KEY_UIApplicationSceneManifest_Generation = YES;
				INFOPLIST_KEY_UIApplicationSupportsIndirectInputEvents = YES;
				INFOPLIST_KEY_UILaunchScreen_Generation = YES;
				INFOPLIST_KEY_UISupportedInterfaceOrientations_iPad = "UIInterfaceOrientationPortrait UIInterfaceOrientationPortraitUpsideDown UIInterfaceOrientationLandscapeLeft UIInterfaceOrientationLandscapeRight";
				INFOPLIST_KEY_UISupportedInterfaceOrientations_iPhone = "UIInterfaceOrientationPortrait UIInterfaceOrientationLandscapeLeft UIInterfaceOrientationLandscapeRight";
				LD_RUNPATH_SEARCH_PATHS = (
					"$(inherited)",
					"@executable_path/Frameworks",
				);
				MARKETING_VERSION = 1.0;
				PRODUCT_BUNDLE_IDENTIFIER = com.crushtech.TodoList;
				PRODUCT_NAME = "$(TARGET_NAME)";
				SWIFT_EMIT_LOC_STRINGS = YES;
				SWIFT_VERSION = 5.0;
				TARGETED_DEVICE_FAMILY = "1,2";
			};
			name = Debug;
		};
		044AF5DB29517369007FCB6B /* Release */ = {
			isa = XCBuildConfiguration;
			buildSettings = {
				ASSETCATALOG_COMPILER_APPICON_NAME = AppIcon;
				ASSETCATALOG_COMPILER_GLOBAL_ACCENT_COLOR_NAME = AccentColor;
				CODE_SIGN_STYLE = Automatic;
				CURRENT_PROJECT_VERSION = 1;
				DEVELOPMENT_ASSET_PATHS = "\"TodoList/Preview Content\"";
				DEVELOPMENT_TEAM = Z2K7G5MR42;
				ENABLE_PREVIEWS = YES;
				GENERATE_INFOPLIST_FILE = YES;
				INFOPLIST_KEY_UIApplicationSceneManifest_Generation = YES;
				INFOPLIST_KEY_UIApplicationSupportsIndirectInputEvents = YES;
				INFOPLIST_KEY_UILaunchScreen_Generation = YES;
				INFOPLIST_KEY_UISupportedInterfaceOrientations_iPad = "UIInterfaceOrientationPortrait UIInterfaceOrientationPortraitUpsideDown UIInterfaceOrientationLandscapeLeft UIInterfaceOrientationLandscapeRight";
				INFOPLIST_KEY_UISupportedInterfaceOrientations_iPhone = "UIInterfaceOrientationPortrait UIInterfaceOrientationLandscapeLeft UIInterfaceOrientationLandscapeRight";
				LD_RUNPATH_SEARCH_PATHS = (
					"$(inherited)",
					"@executable_path/Frameworks",
				);
				MARKETING_VERSION = 1.0;
				PRODUCT_BUNDLE_IDENTIFIER = com.crushtech.TodoList;
				PRODUCT_NAME = "$(TARGET_NAME)";
				SWIFT_EMIT_LOC_STRINGS = YES;
				SWIFT_VERSION = 5.0;
				TARGETED_DEVICE_FAMILY = "1,2";
			};
			name = Release;
		};
		044AF5DD29517369007FCB6B /* Debug */ = {
			isa = XCBuildConfiguration;
			buildSettings = {
				ALWAYS_EMBED_SWIFT_STANDARD_LIBRARIES = YES;
				BUNDLE_LOADER = "$(TEST_HOST)";
				CODE_SIGN_STYLE = Automatic;
				CURRENT_PROJECT_VERSION = 1;
				DEVELOPMENT_TEAM = Z2K7G5MR42;
				GENERATE_INFOPLIST_FILE = YES;
				IPHONEOS_DEPLOYMENT_TARGET = 16.1;
				MARKETING_VERSION = 1.0;
				PRODUCT_BUNDLE_IDENTIFIER = com.crushtech.TodoListTests;
				PRODUCT_NAME = "$(TARGET_NAME)";
				SWIFT_EMIT_LOC_STRINGS = NO;
				SWIFT_VERSION = 5.0;
				TARGETED_DEVICE_FAMILY = "1,2";
				TEST_HOST = "$(BUILT_PRODUCTS_DIR)/TodoList.app/$(BUNDLE_EXECUTABLE_FOLDER_PATH)/TodoList";
			};
			name = Debug;
		};
		044AF5DE29517369007FCB6B /* Release */ = {
			isa = XCBuildConfiguration;
			buildSettings = {
				ALWAYS_EMBED_SWIFT_STANDARD_LIBRARIES = YES;
				BUNDLE_LOADER = "$(TEST_HOST)";
				CODE_SIGN_STYLE = Automatic;
				CURRENT_PROJECT_VERSION = 1;
				DEVELOPMENT_TEAM = Z2K7G5MR42;
				GENERATE_INFOPLIST_FILE = YES;
				IPHONEOS_DEPLOYMENT_TARGET = 16.1;
				MARKETING_VERSION = 1.0;
				PRODUCT_BUNDLE_IDENTIFIER = com.crushtech.TodoListTests;
				PRODUCT_NAME = "$(TARGET_NAME)";
				SWIFT_EMIT_LOC_STRINGS = NO;
				SWIFT_VERSION = 5.0;
				TARGETED_DEVICE_FAMILY = "1,2";
				TEST_HOST = "$(BUILT_PRODUCTS_DIR)/TodoList.app/$(BUNDLE_EXECUTABLE_FOLDER_PATH)/TodoList";
			};
			name = Release;
		};
		044AF5E029517369007FCB6B /* Debug */ = {
			isa = XCBuildConfiguration;
			buildSettings = {
				ALWAYS_EMBED_SWIFT_STANDARD_LIBRARIES = YES;
				CODE_SIGN_STYLE = Automatic;
				CURRENT_PROJECT_VERSION = 1;
				DEVELOPMENT_TEAM = Z2K7G5MR42;
				GENERATE_INFOPLIST_FILE = YES;
				MARKETING_VERSION = 1.0;
				PRODUCT_BUNDLE_IDENTIFIER = com.crushtech.TodoListUITests;
				PRODUCT_NAME = "$(TARGET_NAME)";
				SWIFT_EMIT_LOC_STRINGS = NO;
				SWIFT_VERSION = 5.0;
				TARGETED_DEVICE_FAMILY = "1,2";
				TEST_TARGET_NAME = TodoList;
			};
			name = Debug;
		};
		044AF5E129517369007FCB6B /* Release */ = {
			isa = XCBuildConfiguration;
			buildSettings = {
				ALWAYS_EMBED_SWIFT_STANDARD_LIBRARIES = YES;
				CODE_SIGN_STYLE = Automatic;
				CURRENT_PROJECT_VERSION = 1;
				DEVELOPMENT_TEAM = Z2K7G5MR42;
				GENERATE_INFOPLIST_FILE = YES;
				MARKETING_VERSION = 1.0;
				PRODUCT_BUNDLE_IDENTIFIER = com.crushtech.TodoListUITests;
				PRODUCT_NAME = "$(TARGET_NAME)";
				SWIFT_EMIT_LOC_STRINGS = NO;
				SWIFT_VERSION = 5.0;
				TARGETED_DEVICE_FAMILY = "1,2";
				TEST_TARGET_NAME = TodoList;
			};
			name = Release;
		};
/* End XCBuildConfiguration section */

/* Begin XCConfigurationList section */
		044AF5B029517367007FCB6B /* Build configuration list for PBXProject "TodoList" */ = {
			isa = XCConfigurationList;
			buildConfigurations = (
				044AF5D729517369007FCB6B /* Debug */,
				044AF5D829517369007FCB6B /* Release */,
			);
			defaultConfigurationIsVisible = 0;
			defaultConfigurationName = Release;
		};
		044AF5D929517369007FCB6B /* Build configuration list for PBXNativeTarget "TodoList" */ = {
			isa = XCConfigurationList;
			buildConfigurations = (
				044AF5DA29517369007FCB6B /* Debug */,
				044AF5DB29517369007FCB6B /* Release */,
			);
			defaultConfigurationIsVisible = 0;
			defaultConfigurationName = Release;
		};
		044AF5DC29517369007FCB6B /* Build configuration list for PBXNativeTarget "TodoListTests" */ = {
			isa = XCConfigurationList;
			buildConfigurations = (
				044AF5DD29517369007FCB6B /* Debug */,
				044AF5DE29517369007FCB6B /* Release */,
			);
			defaultConfigurationIsVisible = 0;
			defaultConfigurationName = Release;
		};
		044AF5DF29517369007FCB6B /* Build configuration list for PBXNativeTarget "TodoListUITests" */ = {
			isa = XCConfigurationList;
			buildConfigurations = (
				044AF5E029517369007FCB6B /* Debug */,
				044AF5E129517369007FCB6B /* Release */,
			);
			defaultConfigurationIsVisible = 0;
			defaultConfigurationName = Release;
		};
/* End XCConfigurationList section */
	};
	rootObject = 044AF5AD29517367007FCB6B /* Project object */;
}
